// !$*UTF8*$!
{
	archiveVersion = 1;
	classes = {
	};
	objectVersion = 46;
	objects = {

/* Begin PBXBuildFile section */
		EC7D831818BB83180067D0B8 /* Foundation.framework in Frameworks */ = {isa = PBXBuildFile; fileRef = EC7D831718BB83180067D0B8 /* Foundation.framework */; };
		EC7D831A18BB83180067D0B8 /* CoreGraphics.framework in Frameworks */ = {isa = PBXBuildFile; fileRef = EC7D831918BB83180067D0B8 /* CoreGraphics.framework */; };
		EC7D831C18BB83180067D0B8 /* UIKit.framework in Frameworks */ = {isa = PBXBuildFile; fileRef = EC7D831B18BB83180067D0B8 /* UIKit.framework */; };
		EC7D832218BB83180067D0B8 /* InfoPlist.strings in Resources */ = {isa = PBXBuildFile; fileRef = EC7D832018BB83180067D0B8 /* InfoPlist.strings */; };
		EC7D832418BB83180067D0B8 /* main.m in Sources */ = {isa = PBXBuildFile; fileRef = EC7D832318BB83180067D0B8 /* main.m */; };
		EC7D832818BB83180067D0B8 /* AppDelegate.m in Sources */ = {isa = PBXBuildFile; fileRef = EC7D832718BB83180067D0B8 /* AppDelegate.m */; };
		EC7D832B18BB83180067D0B8 /* Main.storyboard in Resources */ = {isa = PBXBuildFile; fileRef = EC7D832918BB83180067D0B8 /* Main.storyboard */; };
		EC7D832E18BB83180067D0B8 /* ViewController.m in Sources */ = {isa = PBXBuildFile; fileRef = EC7D832D18BB83180067D0B8 /* ViewController.m */; };
		EC7D833018BB83180067D0B8 /* Images.xcassets in Resources */ = {isa = PBXBuildFile; fileRef = EC7D832F18BB83180067D0B8 /* Images.xcassets */; };
		EC7D833718BB83190067D0B8 /* XCTest.framework in Frameworks */ = {isa = PBXBuildFile; fileRef = EC7D833618BB83190067D0B8 /* XCTest.framework */; };
		EC7D833818BB83190067D0B8 /* Foundation.framework in Frameworks */ = {isa = PBXBuildFile; fileRef = EC7D831718BB83180067D0B8 /* Foundation.framework */; };
		EC7D833918BB83190067D0B8 /* UIKit.framework in Frameworks */ = {isa = PBXBuildFile; fileRef = EC7D831B18BB83180067D0B8 /* UIKit.framework */; };
		EC7D834118BB83190067D0B8 /* InfoPlist.strings in Resources */ = {isa = PBXBuildFile; fileRef = EC7D833F18BB83190067D0B8 /* InfoPlist.strings */; };
		EC7D834318BB83190067D0B8 /* GuiaAngraTests.m in Sources */ = {isa = PBXBuildFile; fileRef = EC7D834218BB83190067D0B8 /* GuiaAngraTests.m */; };
/* End PBXBuildFile section */

/* Begin PBXContainerItemProxy section */
		EC7D833A18BB83190067D0B8 /* PBXContainerItemProxy */ = {
			isa = PBXContainerItemProxy;
			containerPortal = EC7D830C18BB83180067D0B8 /* Project object */;
			proxyType = 1;
			remoteGlobalIDString = EC7D831318BB83180067D0B8;
			remoteInfo = GuiaAngra;
		};
/* End PBXContainerItemProxy section */

/* Begin PBXFileReference section */
		EC7D831418BB83180067D0B8 /* GuiaAngra.app */ = {isa = PBXFileReference; explicitFileType = wrapper.application; includeInIndex = 0; path = GuiaAngra.app; sourceTree = BUILT_PRODUCTS_DIR; };
		EC7D831718BB83180067D0B8 /* Foundation.framework */ = {isa = PBXFileReference; lastKnownFileType = wrapper.framework; name = Foundation.framework; path = System/Library/Frameworks/Foundation.framework; sourceTree = SDKROOT; };
		EC7D831918BB83180067D0B8 /* CoreGraphics.framework */ = {isa = PBXFileReference; lastKnownFileType = wrapper.framework; name = CoreGraphics.framework; path = System/Library/Frameworks/CoreGraphics.framework; sourceTree = SDKROOT; };
		EC7D831B18BB83180067D0B8 /* UIKit.framework */ = {isa = PBXFileReference; lastKnownFileType = wrapper.framework; name = UIKit.framework; path = System/Library/Frameworks/UIKit.framework; sourceTree = SDKROOT; };
		EC7D831F18BB83180067D0B8 /* GuiaAngra-Info.plist */ = {isa = PBXFileReference; lastKnownFileType = text.plist.xml; path = "GuiaAngra-Info.plist"; sourceTree = "<group>"; };
		EC7D832118BB83180067D0B8 /* en */ = {isa = PBXFileReference; lastKnownFileType = text.plist.strings; name = en; path = en.lproj/InfoPlist.strings; sourceTree = "<group>"; };
		EC7D832318BB83180067D0B8 /* main.m */ = {isa = PBXFileReference; lastKnownFileType = sourcecode.c.objc; path = main.m; sourceTree = "<group>"; };
		EC7D832518BB83180067D0B8 /* GuiaAngra-Prefix.pch */ = {isa = PBXFileReference; lastKnownFileType = sourcecode.c.h; path = "GuiaAngra-Prefix.pch"; sourceTree = "<group>"; };
		EC7D832618BB83180067D0B8 /* AppDelegate.h */ = {isa = PBXFileReference; lastKnownFileType = sourcecode.c.h; path = AppDelegate.h; sourceTree = "<group>"; };
		EC7D832718BB83180067D0B8 /* AppDelegate.m */ = {isa = PBXFileReference; lastKnownFileType = sourcecode.c.objc; path = AppDelegate.m; sourceTree = "<group>"; };
		EC7D832A18BB83180067D0B8 /* Base */ = {isa = PBXFileReference; lastKnownFileType = file.storyboard; name = Base; path = Base.lproj/Main.storyboard; sourceTree = "<group>"; };
		EC7D832C18BB83180067D0B8 /* ViewController.h */ = {isa = PBXFileReference; lastKnownFileType = sourcecode.c.h; path = ViewController.h; sourceTree = "<group>"; };
		EC7D832D18BB83180067D0B8 /* ViewController.m */ = {isa = PBXFileReference; lastKnownFileType = sourcecode.c.objc; path = ViewController.m; sourceTree = "<group>"; };
		EC7D832F18BB83180067D0B8 /* Images.xcassets */ = {isa = PBXFileReference; lastKnownFileType = folder.assetcatalog; path = Images.xcassets; sourceTree = "<group>"; };
		EC7D833518BB83190067D0B8 /* GuiaAngraTests.xctest */ = {isa = PBXFileReference; explicitFileType = wrapper.cfbundle; includeInIndex = 0; path = GuiaAngraTests.xctest; sourceTree = BUILT_PRODUCTS_DIR; };
		EC7D833618BB83190067D0B8 /* XCTest.framework */ = {isa = PBXFileReference; lastKnownFileType = wrapper.framework; name = XCTest.framework; path = Library/Frameworks/XCTest.framework; sourceTree = DEVELOPER_DIR; };
		EC7D833E18BB83190067D0B8 /* GuiaAngraTests-Info.plist */ = {isa = PBXFileReference; lastKnownFileType = text.plist.xml; path = "GuiaAngraTests-Info.plist"; sourceTree = "<group>"; };
		EC7D834018BB83190067D0B8 /* en */ = {isa = PBXFileReference; lastKnownFileType = text.plist.strings; name = en; path = en.lproj/InfoPlist.strings; sourceTree = "<group>"; };
		EC7D834218BB83190067D0B8 /* GuiaAngraTests.m */ = {isa = PBXFileReference; lastKnownFileType = sourcecode.c.objc; path = GuiaAngraTests.m; sourceTree = "<group>"; };
/* End PBXFileReference section */

/* Begin PBXFrameworksBuildPhase section */
		EC7D831118BB83180067D0B8 /* Frameworks */ = {
			isa = PBXFrameworksBuildPhase;
			buildActionMask = 2147483647;
			files = (
				EC7D831A18BB83180067D0B8 /* CoreGraphics.framework in Frameworks */,
				EC7D831C18BB83180067D0B8 /* UIKit.framework in Frameworks */,
				EC7D831818BB83180067D0B8 /* Foundation.framework in Frameworks */,
			);
			runOnlyForDeploymentPostprocessing = 0;
		};
		EC7D833218BB83190067D0B8 /* Frameworks */ = {
			isa = PBXFrameworksBuildPhase;
			buildActionMask = 2147483647;
			files = (
				EC7D833718BB83190067D0B8 /* XCTest.framework in Frameworks */,
				EC7D833918BB83190067D0B8 /* UIKit.framework in Frameworks */,
				EC7D833818BB83190067D0B8 /* Foundation.framework in Frameworks */,
			);
			runOnlyForDeploymentPostprocessing = 0;
		};
/* End PBXFrameworksBuildPhase section */

/* Begin PBXGroup section */
		EC7D830B18BB83180067D0B8 = {
			isa = PBXGroup;
			children = (
				EC7D831D18BB83180067D0B8 /* GuiaAngra */,
				EC7D833C18BB83190067D0B8 /* GuiaAngraTests */,
				EC7D831618BB83180067D0B8 /* Frameworks */,
				EC7D831518BB83180067D0B8 /* Products */,
			);
			sourceTree = "<group>";
		};
		EC7D831518BB83180067D0B8 /* Products */ = {
			isa = PBXGroup;
			children = (
				EC7D831418BB83180067D0B8 /* GuiaAngra.app */,
				EC7D833518BB83190067D0B8 /* GuiaAngraTests.xctest */,
			);
			name = Products;
			sourceTree = "<group>";
		};
		EC7D831618BB83180067D0B8 /* Frameworks */ = {
			isa = PBXGroup;
			children = (
				EC7D831718BB83180067D0B8 /* Foundation.framework */,
				EC7D831918BB83180067D0B8 /* CoreGraphics.framework */,
				EC7D831B18BB83180067D0B8 /* UIKit.framework */,
				EC7D833618BB83190067D0B8 /* XCTest.framework */,
			);
			name = Frameworks;
			sourceTree = "<group>";
		};
		EC7D831D18BB83180067D0B8 /* GuiaAngra */ = {
			isa = PBXGroup;
			children = (
				EC7D832618BB83180067D0B8 /* AppDelegate.h */,
				EC7D832718BB83180067D0B8 /* AppDelegate.m */,
				EC7D832918BB83180067D0B8 /* Main.storyboard */,
				EC7D832C18BB83180067D0B8 /* ViewController.h */,
				EC7D832D18BB83180067D0B8 /* ViewController.m */,
				EC7D832F18BB83180067D0B8 /* Images.xcassets */,
				EC7D831E18BB83180067D0B8 /* Supporting Files */,
			);
			path = GuiaAngra;
			sourceTree = "<group>";
		};
		EC7D831E18BB83180067D0B8 /* Supporting Files */ = {
			isa = PBXGroup;
			children = (
				EC7D831F18BB83180067D0B8 /* GuiaAngra-Info.plist */,
				EC7D832018BB83180067D0B8 /* InfoPlist.strings */,
				EC7D832318BB83180067D0B8 /* main.m */,
				EC7D832518BB83180067D0B8 /* GuiaAngra-Prefix.pch */,
			);
			name = "Supporting Files";
			sourceTree = "<group>";
		};
		EC7D833C18BB83190067D0B8 /* GuiaAngraTests */ = {
			isa = PBXGroup;
			children = (
				EC7D834218BB83190067D0B8 /* GuiaAngraTests.m */,
				EC7D833D18BB83190067D0B8 /* Supporting Files */,
			);
			path = GuiaAngraTests;
			sourceTree = "<group>";
		};
		EC7D833D18BB83190067D0B8 /* Supporting Files */ = {
			isa = PBXGroup;
			children = (
				EC7D833E18BB83190067D0B8 /* GuiaAngraTests-Info.plist */,
				EC7D833F18BB83190067D0B8 /* InfoPlist.strings */,
			);
			name = "Supporting Files";
			sourceTree = "<group>";
		};
/* End PBXGroup section */

/* Begin PBXNativeTarget section */
		EC7D831318BB83180067D0B8 /* GuiaAngra */ = {
			isa = PBXNativeTarget;
			buildConfigurationList = EC7D834618BB83190067D0B8 /* Build configuration list for PBXNativeTarget "GuiaAngra" */;
			buildPhases = (
				EC7D831018BB83180067D0B8 /* Sources */,
				EC7D831118BB83180067D0B8 /* Frameworks */,
				EC7D831218BB83180067D0B8 /* Resources */,
			);
			buildRules = (
			);
			dependencies = (
			);
			name = GuiaAngra;
			productName = GuiaAngra;
			productReference = EC7D831418BB83180067D0B8 /* GuiaAngra.app */;
			productType = "com.apple.product-type.application";
		};
		EC7D833418BB83190067D0B8 /* GuiaAngraTests */ = {
			isa = PBXNativeTarget;
			buildConfigurationList = EC7D834918BB83190067D0B8 /* Build configuration list for PBXNativeTarget "GuiaAngraTests" */;
			buildPhases = (
				EC7D833118BB83190067D0B8 /* Sources */,
				EC7D833218BB83190067D0B8 /* Frameworks */,
				EC7D833318BB83190067D0B8 /* Resources */,
			);
			buildRules = (
			);
			dependencies = (
				EC7D833B18BB83190067D0B8 /* PBXTargetDependency */,
			);
			name = GuiaAngraTests;
			productName = GuiaAngraTests;
			productReference = EC7D833518BB83190067D0B8 /* GuiaAngraTests.xctest */;
			productType = "com.apple.product-type.bundle.unit-test";
		};
/* End PBXNativeTarget section */

/* Begin PBXProject section */
		EC7D830C18BB83180067D0B8 /* Project object */ = {
			isa = PBXProject;
			attributes = {
				LastUpgradeCheck = 0500;
				ORGANIZATIONNAME = "TiWorld®";
				TargetAttributes = {
					EC7D833418BB83190067D0B8 = {
						TestTargetID = EC7D831318BB83180067D0B8;
					};
				};
			};
			buildConfigurationList = EC7D830F18BB83180067D0B8 /* Build configuration list for PBXProject "GuiaAngra" */;
			compatibilityVersion = "Xcode 3.2";
			developmentRegion = English;
			hasScannedForEncodings = 0;
			knownRegions = (
				en,
				Base,
			);
			mainGroup = EC7D830B18BB83180067D0B8;
			productRefGroup = EC7D831518BB83180067D0B8 /* Products */;
			projectDirPath = "";
			projectRoot = "";
			targets = (
				EC7D831318BB83180067D0B8 /* GuiaAngra */,
				EC7D833418BB83190067D0B8 /* GuiaAngraTests */,
			);
		};
/* End PBXProject section */

/* Begin PBXResourcesBuildPhase section */
		EC7D831218BB83180067D0B8 /* Resources */ = {
			isa = PBXResourcesBuildPhase;
			buildActionMask = 2147483647;
			files = (
				EC7D833018BB83180067D0B8 /* Images.xcassets in Resources */,
				EC7D832218BB83180067D0B8 /* InfoPlist.strings in Resources */,
				EC7D832B18BB83180067D0B8 /* Main.storyboard in Resources */,
			);
			runOnlyForDeploymentPostprocessing = 0;
		};
		EC7D833318BB83190067D0B8 /* Resources */ = {
			isa = PBXResourcesBuildPhase;
			buildActionMask = 2147483647;
			files = (
				EC7D834118BB83190067D0B8 /* InfoPlist.strings in Resources */,
			);
			runOnlyForDeploymentPostprocessing = 0;
		};
/* End PBXResourcesBuildPhase section */

/* Begin PBXSourcesBuildPhase section */
		EC7D831018BB83180067D0B8 /* Sources */ = {
			isa = PBXSourcesBuildPhase;
			buildActionMask = 2147483647;
			files = (
				EC7D832E18BB83180067D0B8 /* ViewController.m in Sources */,
				EC7D832818BB83180067D0B8 /* AppDelegate.m in Sources */,
				EC7D832418BB83180067D0B8 /* main.m in Sources */,
			);
			runOnlyForDeploymentPostprocessing = 0;
		};
		EC7D833118BB83190067D0B8 /* Sources */ = {
			isa = PBXSourcesBuildPhase;
			buildActionMask = 2147483647;
			files = (
				EC7D834318BB83190067D0B8 /* GuiaAngraTests.m in Sources */,
			);
			runOnlyForDeploymentPostprocessing = 0;
		};
/* End PBXSourcesBuildPhase section */

/* Begin PBXTargetDependency section */
		EC7D833B18BB83190067D0B8 /* PBXTargetDependency */ = {
			isa = PBXTargetDependency;
			target = EC7D831318BB83180067D0B8 /* GuiaAngra */;
			targetProxy = EC7D833A18BB83190067D0B8 /* PBXContainerItemProxy */;
		};
/* End PBXTargetDependency section */

/* Begin PBXVariantGroup section */
		EC7D832018BB83180067D0B8 /* InfoPlist.strings */ = {
			isa = PBXVariantGroup;
			children = (
				EC7D832118BB83180067D0B8 /* en */,
			);
			name = InfoPlist.strings;
			sourceTree = "<group>";
		};
		EC7D832918BB83180067D0B8 /* Main.storyboard */ = {
			isa = PBXVariantGroup;
			children = (
				EC7D832A18BB83180067D0B8 /* Base */,
			);
			name = Main.storyboard;
			sourceTree = "<group>";
		};
		EC7D833F18BB83190067D0B8 /* InfoPlist.strings */ = {
			isa = PBXVariantGroup;
			children = (
				EC7D834018BB83190067D0B8 /* en */,
			);
			name = InfoPlist.strings;
			sourceTree = "<group>";
		};
/* End PBXVariantGroup section */

/* Begin XCBuildConfiguration section */
		EC7D834418BB83190067D0B8 /* Debug */ = {
			isa = XCBuildConfiguration;
			buildSettings = {
				ALWAYS_SEARCH_USER_PATHS = NO;
				ARCHS = "$(ARCHS_STANDARD_INCLUDING_64_BIT)";
				CLANG_CXX_LANGUAGE_STANDARD = "gnu++0x";
				CLANG_CXX_LIBRARY = "libc++";
				CLANG_ENABLE_MODULES = YES;
				CLANG_ENABLE_OBJC_ARC = YES;
				CLANG_WARN_BOOL_CONVERSION = YES;
				CLANG_WARN_CONSTANT_CONVERSION = YES;
				CLANG_WARN_DIRECT_OBJC_ISA_USAGE = YES_ERROR;
				CLANG_WARN_EMPTY_BODY = YES;
				CLANG_WARN_ENUM_CONVERSION = YES;
				CLANG_WARN_INT_CONVERSION = YES;
				CLANG_WARN_OBJC_ROOT_CLASS = YES_ERROR;
				CLANG_WARN__DUPLICATE_METHOD_MATCH = YES;
				"CODE_SIGN_IDENTITY[sdk=iphoneos*]" = "iPhone Developer";
				COPY_PHASE_STRIP = NO;
				GCC_C_LANGUAGE_STANDARD = gnu99;
				GCC_DYNAMIC_NO_PIC = NO;
				GCC_OPTIMIZATION_LEVEL = 0;
				GCC_PREPROCESSOR_DEFINITIONS = (
					"DEBUG=1",
					"$(inherited)",
				);
				GCC_SYMBOLS_PRIVATE_EXTERN = NO;
				GCC_WARN_64_TO_32_BIT_CONVERSION = YES;
				GCC_WARN_ABOUT_RETURN_TYPE = YES_ERROR;
				GCC_WARN_UNDECLARED_SELECTOR = YES;
				GCC_WARN_UNINITIALIZED_AUTOS = YES;
				GCC_WARN_UNUSED_FUNCTION = YES;
				GCC_WARN_UNUSED_VARIABLE = YES;
				IPHONEOS_DEPLOYMENT_TARGET = 7.0;
				ONLY_ACTIVE_ARCH = YES;
				SDKROOT = iphoneos;
			};
			name = Debug;
		};
		EC7D834518BB83190067D0B8 /* Release */ = {
			isa = XCBuildConfiguration;
			buildSettings = {
				ALWAYS_SEARCH_USER_PATHS = NO;
				ARCHS = "$(ARCHS_STANDARD_INCLUDING_64_BIT)";
				CLANG_CXX_LANGUAGE_STANDARD = "gnu++0x";
				CLANG_CXX_LIBRARY = "libc++";
				CLANG_ENABLE_MODULES = YES;
				CLANG_ENABLE_OBJC_ARC = YES;
				CLANG_WARN_BOOL_CONVERSION = YES;
				CLANG_WARN_CONSTANT_CONVERSION = YES;
				CLANG_WARN_DIRECT_OBJC_ISA_USAGE = YES_ERROR;
				CLANG_WARN_EMPTY_BODY = YES;
				CLANG_WARN_ENUM_CONVERSION = YES;
				CLANG_WARN_INT_CONVERSION = YES;
				CLANG_WARN_OBJC_ROOT_CLASS = YES_ERROR;
				CLANG_WARN__DUPLICATE_METHOD_MATCH = YES;
				"CODE_SIGN_IDENTITY[sdk=iphoneos*]" = "iPhone Developer";
				COPY_PHASE_STRIP = YES;
				ENABLE_NS_ASSERTIONS = NO;
				GCC_C_LANGUAGE_STANDARD = gnu99;
				GCC_WARN_64_TO_32_BIT_CONVERSION = YES;
				GCC_WARN_ABOUT_RETURN_TYPE = YES_ERROR;
				GCC_WARN_UNDECLARED_SELECTOR = YES;
				GCC_WARN_UNINITIALIZED_AUTOS = YES;
				GCC_WARN_UNUSED_FUNCTION = YES;
				GCC_WARN_UNUSED_VARIABLE = YES;
				IPHONEOS_DEPLOYMENT_TARGET = 7.0;
				SDKROOT = iphoneos;
				VALIDATE_PRODUCT = YES;
			};
			name = Release;
		};
		EC7D834718BB83190067D0B8 /* Debug */ = {
			isa = XCBuildConfiguration;
			buildSettings = {
				ASSETCATALOG_COMPILER_APPICON_NAME = AppIcon;
				ASSETCATALOG_COMPILER_LAUNCHIMAGE_NAME = LaunchImage;
				GCC_PRECOMPILE_PREFIX_HEADER = YES;
				GCC_PREFIX_HEADER = "GuiaAngra/GuiaAngra-Prefix.pch";
				INFOPLIST_FILE = "GuiaAngra/GuiaAngra-Info.plist";
				PRODUCT_NAME = "$(TARGET_NAME)";
				WRAPPER_EXTENSION = app;
			};
			name = Debug;
		};
		EC7D834818BB83190067D0B8 /* Release */ = {
			isa = XCBuildConfiguration;
			buildSettings = {
				ASSETCATALOG_COMPILER_APPICON_NAME = AppIcon;
				ASSETCATALOG_COMPILER_LAUNCHIMAGE_NAME = LaunchImage;
				GCC_PRECOMPILE_PREFIX_HEADER = YES;
				GCC_PREFIX_HEADER = "GuiaAngra/GuiaAngra-Prefix.pch";
				INFOPLIST_FILE = "GuiaAngra/GuiaAngra-Info.plist";
				PRODUCT_NAME = "$(TARGET_NAME)";
				WRAPPER_EXTENSION = app;
			};
			name = Release;
		};
		EC7D834A18BB83190067D0B8 /* Debug */ = {
			isa = XCBuildConfiguration;
			buildSettings = {
				ARCHS = "$(ARCHS_STANDARD_INCLUDING_64_BIT)";
				BUNDLE_LOADER = "$(BUILT_PRODUCTS_DIR)/GuiaAngra.app/GuiaAngra";
				FRAMEWORK_SEARCH_PATHS = (
					"$(SDKROOT)/Developer/Library/Frameworks",
					"$(inherited)",
					"$(DEVELOPER_FRAMEWORKS_DIR)",
				);
				GCC_PRECOMPILE_PREFIX_HEADER = YES;
				GCC_PREFIX_HEADER = "GuiaAngra/GuiaAngra-Prefix.pch";
				GCC_PREPROCESSOR_DEFINITIONS = (
					"DEBUG=1",
					"$(inherited)",
				);
				INFOPLIST_FILE = "GuiaAngraTests/GuiaAngraTests-Info.plist";
				PRODUCT_NAME = "$(TARGET_NAME)";
				TEST_HOST = "$(BUNDLE_LOADER)";
				WRAPPER_EXTENSION = xctest;
			};
			name = Debug;
		};
		EC7D834B18BB83190067D0B8 /* Release */ = {
			isa = XCBuildConfiguration;
			buildSettings = {
				ARCHS = "$(ARCHS_STANDARD_INCLUDING_64_BIT)";
				BUNDLE_LOADER = "$(BUILT_PRODUCTS_DIR)/GuiaAngra.app/GuiaAngra";
				FRAMEWORK_SEARCH_PATHS = (
					"$(SDKROOT)/Developer/Library/Frameworks",
					"$(inherited)",
					"$(DEVELOPER_FRAMEWORKS_DIR)",
				);
				GCC_PRECOMPILE_PREFIX_HEADER = YES;
				GCC_PREFIX_HEADER = "GuiaAngra/GuiaAngra-Prefix.pch";
				INFOPLIST_FILE = "GuiaAngraTests/GuiaAngraTests-Info.plist";
				PRODUCT_NAME = "$(TARGET_NAME)";
				TEST_HOST = "$(BUNDLE_LOADER)";
				WRAPPER_EXTENSION = xctest;
			};
			name = Release;
		};
/* End XCBuildConfiguration section */

/* Begin XCConfigurationList section */
		EC7D830F18BB83180067D0B8 /* Build configuration list for PBXProject "GuiaAngra" */ = {
			isa = XCConfigurationList;
			buildConfigurations = (
				EC7D834418BB83190067D0B8 /* Debug */,
				EC7D834518BB83190067D0B8 /* Release */,
			);
			defaultConfigurationIsVisible = 0;
			defaultConfigurationName = Release;
		};
		EC7D834618BB83190067D0B8 /* Build configuration list for PBXNativeTarget "GuiaAngra" */ = {
			isa = XCConfigurationList;
			buildConfigurations = (
				EC7D834718BB83190067D0B8 /* Debug */,
				EC7D834818BB83190067D0B8 /* Release */,
			);
			defaultConfigurationIsVisible = 0;
		};
		EC7D834918BB83190067D0B8 /* Build configuration list for PBXNativeTarget "GuiaAngraTests" */ = {
			isa = XCConfigurationList;
			buildConfigurations = (
				EC7D834A18BB83190067D0B8 /* Debug */,
				EC7D834B18BB83190067D0B8 /* Release */,
			);
			defaultConfigurationIsVisible = 0;
		};
/* End XCConfigurationList section */
	};
	rootObject = EC7D830C18BB83180067D0B8 /* Project object */;
}
